
Microsoft Visual Studio Solution File, Format Version 12.00
# Visual Studio Version 17
VisualStudioVersion = 17.11.35327.3
MinimumVisualStudioVersion = 10.0.40219.1
Project("{FAE04EC0-301F-11D3-BF4B-00C04F79EFBC}") = "Dethi02", "Dethi02\Dethi02.csproj", "{0AA9FC67-B512-4794-A26B-938B399A535B}"
EndProject
Project("{FAE04EC0-301F-11D3-BF4B-00C04F79EFBC}") = "DAL", "DAL\DAL.csproj", "{AEF1DA13-AA84-45C3-998F-E054DEEEDAD0}"
EndProject
Project("{FAE04EC0-301F-11D3-BF4B-00C04F79EFBC}") = "BUS", "BUS\BUS.csproj", "{D54B4C0A-6F94-4F90-A8BD-55DF774C00FE}"
EndProject
Global
	GlobalSection(SolutionConfigurationPlatforms) = preSolution
		Debug|Any CPU = Debug|Any CPU
		Release|Any CPU = Release|Any CPU
	EndGlobalSection
	GlobalSection(ProjectConfigurationPlatforms) = postSolution
		{0AA9FC67-B512-4794-A26B-938B399A535B}.Debug|Any CPU.ActiveCfg = Debug|Any CPU
		{0AA9FC67-B512-4794-A26B-938B399A535B}.Debug|Any CPU.Build.0 = Debug|Any CPU
		{0AA9FC67-B512-4794-A26B-938B399A535B}.Release|Any CPU.ActiveCfg = Release|Any CPU
		{0AA9FC67-B512-4794-A26B-938B399A535B}.Release|Any CPU.Build.0 = Release|Any CPU
		{AEF1DA13-AA84-45C3-998F-E054DEEEDAD0}.Debug|Any CPU.ActiveCfg = Debug|Any CPU
		{AEF1DA13-AA84-45C3-998F-E054DEEEDAD0}.Debug|Any CPU.Build.0 = Debug|Any CPU
		{AEF1DA13-AA84-45C3-998F-E054DEEEDAD0}.Release|Any CPU.ActiveCfg = Release|Any CPU
		{AEF1DA13-AA84-45C3-998F-E054DEEEDAD0}.Release|Any CPU.Build.0 = Release|Any CPU
		{D54B4C0A-6F94-4F90-A8BD-55DF774C00FE}.Debug|Any CPU.ActiveCfg = Debug|Any CPU
		{D54B4C0A-6F94-4F90-A8BD-55DF774C00FE}.Debug|Any CPU.Build.0 = Debug|Any CPU
		{D54B4C0A-6F94-4F90-A8BD-55DF774C00FE}.Release|Any CPU.ActiveCfg = Release|Any CPU
		{D54B4C0A-6F94-4F90-A8BD-55DF774C00FE}.Release|Any CPU.Build.0 = Release|Any CPU
	EndGlobalSection
	GlobalSection(SolutionProperties) = preSolution
		HideSolutionNode = FALSE
	EndGlobalSection
	GlobalSection(ExtensibilityGlobals) = postSolution
		SolutionGuid = {F7FF6E1E-5E1E-49A1-BC8E-BC99D70D5659}
	EndGlobalSection
EndGlobal
